
Microsoft Visual Studio Solution File, Format Version 12.00
# Visual Studio Version 17
VisualStudioVersion = 17.13.35818.85 d17.13
MinimumVisualStudioVersion = 10.0.40219.1
Project("{FAE04EC0-301F-11D3-BF4B-00C04F79EFBC}") = "klasopdracht C#", "klasopdracht C#\klasopdracht C#.csproj", "{D9220704-333D-4229-9D12-BC5480B75C09}"
EndProject
Global
	GlobalSection(SolutionConfigurationPlatforms) = preSolution
		Debug|Any CPU = Debug|Any CPU
		Release|Any CPU = Release|Any CPU
	EndGlobalSection
	GlobalSection(ProjectConfigurationPlatforms) = postSolution
		{D9220704-333D-4229-9D12-BC5480B75C09}.Debug|Any CPU.ActiveCfg = Debug|Any CPU
		{D9220704-333D-4229-9D12-BC5480B75C09}.Debug|Any CPU.Build.0 = Debug|Any CPU
		{D9220704-333D-4229-9D12-BC5480B75C09}.Release|Any CPU.ActiveCfg = Release|Any CPU
		{D9220704-333D-4229-9D12-BC5480B75C09}.Release|Any CPU.Build.0 = Release|Any CPU
	EndGlobalSection
	GlobalSection(SolutionProperties) = preSolution
		HideSolutionNode = FALSE
	EndGlobalSection
	GlobalSection(ExtensibilityGlobals) = postSolution
		SolutionGuid = {BB926279-91CA-49BE-B73F-76233CF9FBC0}
	EndGlobalSection
EndGlobal
